# THIS IS AN AUTOGENERATED FILE. DO NOT EDIT THIS FILE DIRECTLY.
# yarn lockfile v1


lin-ui@^0.9.2:
  version "0.9.2"
  resolved "https://registry.yarnpkg.com/lin-ui/-/lin-ui-0.9.2.tgz#8c1fc5e6d5f8ea15c255f39589608d43970e8e71"
  integrity sha512-JsC0+CQ6OcF784GRR+MH8000mTduv+InCoEkzMzjQ7K1NuAu9zXQmDwCoRipEa89bMLTLnPlxXZtzbwXEhJDLQ==
